// !$*UTF8*$!
{
	archiveVersion = 1;
	classes = {
	};
	objectVersion = 50;
	objects = {

/* Begin PBXBuildFile section */
		2141754124865483005CB6E5 /* ImagePicker.swift in Sources */ = {isa = PBXBuildFile; fileRef = 2141754024865483005CB6E5 /* ImagePicker.swift */; };
		21CFEA752497E9F500421B80 /* PoseBuilder+Single.swift in Sources */ = {isa = PBXBuildFile; fileRef = 21CFEA712497E9F500421B80 /* PoseBuilder+Single.swift */; };
		21CFEA762497E9F500421B80 /* Pose.swift in Sources */ = {isa = PBXBuildFile; fileRef = 21CFEA722497E9F500421B80 /* Pose.swift */; };
		21CFEA772497E9F500421B80 /* PoseBuilder.swift in Sources */ = {isa = PBXBuildFile; fileRef = 21CFEA732497E9F500421B80 /* PoseBuilder.swift */; };
		21CFEA782497E9F500421B80 /* PoseBuilderConfiguration.swift in Sources */ = {isa = PBXBuildFile; fileRef = 21CFEA742497E9F500421B80 /* PoseBuilderConfiguration.swift */; };
		21CFEA7A2497EA0300421B80 /* Joint.swift in Sources */ = {isa = PBXBuildFile; fileRef = 21CFEA792497EA0300421B80 /* Joint.swift */; };
		21CFEA7F2497EA2600421B80 /* PoseNetInput.swift in Sources */ = {isa = PBXBuildFile; fileRef = 21CFEA7B2497EA2600421B80 /* PoseNetInput.swift */; };
		21CFEA802497EA2600421B80 /* PoseNetMobileNet100S8FP16.mlmodel in Sources */ = {isa = PBXBuildFile; fileRef = 21CFEA7C2497EA2600421B80 /* PoseNetMobileNet100S8FP16.mlmodel */; };
		21CFEA812497EA2600421B80 /* PoseNetOutput.swift in Sources */ = {isa = PBXBuildFile; fileRef = 21CFEA7D2497EA2600421B80 /* PoseNetOutput.swift */; };
		21CFEA822497EA2600421B80 /* PoseNet.swift in Sources */ = {isa = PBXBuildFile; fileRef = 21CFEA7E2497EA2600421B80 /* PoseNet.swift */; };
		21CFEA872497EA2F00421B80 /* UIImage+Extensions.swift in Sources */ = {isa = PBXBuildFile; fileRef = 21CFEA842497EA2F00421B80 /* UIImage+Extensions.swift */; };
		21CFEA882497EA2F00421B80 /* CGPoint+Extension.swift in Sources */ = {isa = PBXBuildFile; fileRef = 21CFEA852497EA2F00421B80 /* CGPoint+Extension.swift */; };
		21CFEA892497EA2F00421B80 /* CGImage+Extension.swift in Sources */ = {isa = PBXBuildFile; fileRef = 21CFEA862497EA2F00421B80 /* CGImage+Extension.swift */; };
		76FB0BCAC64D40DE3D042719 /* Pods_Jointify.framework in Frameworks */ = {isa = PBXBuildFile; fileRef = 21F6BA9AA7770A6DA6E8D97A /* Pods_Jointify.framework */; };
		80094B66247F0F60002A1A27 /* AppDelegate.swift in Sources */ = {isa = PBXBuildFile; fileRef = 80094B65247F0F60002A1A27 /* AppDelegate.swift */; };
		80094B68247F0F60002A1A27 /* SceneDelegate.swift in Sources */ = {isa = PBXBuildFile; fileRef = 80094B67247F0F60002A1A27 /* SceneDelegate.swift */; };
		80094B6C247F0F6B002A1A27 /* Assets.xcassets in Resources */ = {isa = PBXBuildFile; fileRef = 80094B6B247F0F6B002A1A27 /* Assets.xcassets */; };
		80094B6F247F0F6B002A1A27 /* Preview Assets.xcassets in Resources */ = {isa = PBXBuildFile; fileRef = 80094B6E247F0F6B002A1A27 /* Preview Assets.xcassets */; };
		80094B72247F0F6B002A1A27 /* LaunchScreen.storyboard in Resources */ = {isa = PBXBuildFile; fileRef = 80094B70247F0F6B002A1A27 /* LaunchScreen.storyboard */; };
		808297512483142600DB4A1C /* JointifyTests.swift in Sources */ = {isa = PBXBuildFile; fileRef = 808297502483142600DB4A1C /* JointifyTests.swift */; };
		80DFDB6F24924A450021124C /* ProcessingView.swift in Sources */ = {isa = PBXBuildFile; fileRef = 80DFDB6E24924A450021124C /* ProcessingView.swift */; };
		80DFDB7224924DF00021124C /* ResultView.swift in Sources */ = {isa = PBXBuildFile; fileRef = 80DFDB7124924DF00021124C /* ResultView.swift */; };
		80DFDB752492991C0021124C /* InstructionContent.swift in Sources */ = {isa = PBXBuildFile; fileRef = 80DFDB742492991B0021124C /* InstructionContent.swift */; };
		80DFDB782492AAC20021124C /* PastRecords.swift in Sources */ = {isa = PBXBuildFile; fileRef = 80DFDB772492AAC20021124C /* PastRecords.swift */; };
		80EF89BE2497F31100E345F0 /* Edge.swift in Sources */ = {isa = PBXBuildFile; fileRef = 80EF89BD2497F31100E345F0 /* Edge.swift */; };
		80EF89BF2497F31100E345F0 /* Edge.swift in Sources */ = {isa = PBXBuildFile; fileRef = 80EF89BD2497F31100E345F0 /* Edge.swift */; };
		80F1D4D8249198B600ACCEC2 /* WelcomeView.swift in Sources */ = {isa = PBXBuildFile; fileRef = 80F1D4D7249198B600ACCEC2 /* WelcomeView.swift */; };
		80F1D4DB2491994B00ACCEC2 /* DefaultButton.swift in Sources */ = {isa = PBXBuildFile; fileRef = 80F1D4DA2491994B00ACCEC2 /* DefaultButton.swift */; };
		80F1D4DE24919CE200ACCEC2 /* InstructionsView.swift in Sources */ = {isa = PBXBuildFile; fileRef = 80F1D4DD24919CE200ACCEC2 /* InstructionsView.swift */; };
		80FB49D12492E698001C3DAE /* ChooseInputView.swift in Sources */ = {isa = PBXBuildFile; fileRef = 80FB49D02492E698001C3DAE /* ChooseInputView.swift */; };
		80FB49D32492E6E3001C3DAE /* MeasurementFrame.swift in Sources */ = {isa = PBXBuildFile; fileRef = 80FB49D22492E6E3001C3DAE /* MeasurementFrame.swift */; };
		80FB49D824967F84001C3DAE /* Measurement.swift in Sources */ = {isa = PBXBuildFile; fileRef = 80FB49D724967F84001C3DAE /* Measurement.swift */; };
		80FB49D924967F84001C3DAE /* Measurement.swift in Sources */ = {isa = PBXBuildFile; fileRef = 80FB49D724967F84001C3DAE /* Measurement.swift */; };
		80FB49DB249689C0001C3DAE /* VideoResultView.swift in Sources */ = {isa = PBXBuildFile; fileRef = 80FB49DA249689BF001C3DAE /* VideoResultView.swift */; };
		80FB49DC249689C0001C3DAE /* VideoResultView.swift in Sources */ = {isa = PBXBuildFile; fileRef = 80FB49DA249689BF001C3DAE /* VideoResultView.swift */; };
		80FB49DD2496A80C001C3DAE /* MeasurementFrame.swift in Sources */ = {isa = PBXBuildFile; fileRef = 80FB49D22492E6E3001C3DAE /* MeasurementFrame.swift */; };
		80FB49DE2496A81D001C3DAE /* ResultView.swift in Sources */ = {isa = PBXBuildFile; fileRef = 80DFDB7124924DF00021124C /* ResultView.swift */; };
		80FB49DF2496A828001C3DAE /* DefaultButton.swift in Sources */ = {isa = PBXBuildFile; fileRef = 80F1D4DA2491994B00ACCEC2 /* DefaultButton.swift */; };
		80FB49E02496A953001C3DAE /* WelcomeView.swift in Sources */ = {isa = PBXBuildFile; fileRef = 80F1D4D7249198B600ACCEC2 /* WelcomeView.swift */; };
		80FB49E12496A959001C3DAE /* ProcessingView.swift in Sources */ = {isa = PBXBuildFile; fileRef = 80DFDB6E24924A450021124C /* ProcessingView.swift */; };
		80FB49E22496ABC7001C3DAE /* PastRecords.swift in Sources */ = {isa = PBXBuildFile; fileRef = 80DFDB772492AAC20021124C /* PastRecords.swift */; };
		80FB49E32496ABCF001C3DAE /* InstructionsView.swift in Sources */ = {isa = PBXBuildFile; fileRef = 80F1D4DD24919CE200ACCEC2 /* InstructionsView.swift */; };
		80FB49E42496AD6D001C3DAE /* InstructionContent.swift in Sources */ = {isa = PBXBuildFile; fileRef = 80DFDB742492991B0021124C /* InstructionContent.swift */; };
		80FB49E52496AD78001C3DAE /* ImagePicker.swift in Sources */ = {isa = PBXBuildFile; fileRef = 2141754024865483005CB6E5 /* ImagePicker.swift */; };
		80FB49E62496AD8A001C3DAE /* ChooseInputView.swift in Sources */ = {isa = PBXBuildFile; fileRef = 80FB49D02492E698001C3DAE /* ChooseInputView.swift */; };
/* End PBXBuildFile section */

/* Begin PBXContainerItemProxy section */
		808297532483142600DB4A1C /* PBXContainerItemProxy */ = {
			isa = PBXContainerItemProxy;
			containerPortal = 80094B5A247F0F60002A1A27 /* Project object */;
			proxyType = 1;
			remoteGlobalIDString = 80094B61247F0F60002A1A27;
			remoteInfo = Jointify;
		};
/* End PBXContainerItemProxy section */

/* Begin PBXFileReference section */
		2141754024865483005CB6E5 /* ImagePicker.swift */ = {isa = PBXFileReference; lastKnownFileType = sourcecode.swift; path = ImagePicker.swift; sourceTree = "<group>"; };
		21CFEA712497E9F500421B80 /* PoseBuilder+Single.swift */ = {isa = PBXFileReference; fileEncoding = 4; lastKnownFileType = sourcecode.swift; path = "PoseBuilder+Single.swift"; sourceTree = "<group>"; };
		21CFEA722497E9F500421B80 /* Pose.swift */ = {isa = PBXFileReference; fileEncoding = 4; lastKnownFileType = sourcecode.swift; path = Pose.swift; sourceTree = "<group>"; };
		21CFEA732497E9F500421B80 /* PoseBuilder.swift */ = {isa = PBXFileReference; fileEncoding = 4; lastKnownFileType = sourcecode.swift; path = PoseBuilder.swift; sourceTree = "<group>"; };
		21CFEA742497E9F500421B80 /* PoseBuilderConfiguration.swift */ = {isa = PBXFileReference; fileEncoding = 4; lastKnownFileType = sourcecode.swift; path = PoseBuilderConfiguration.swift; sourceTree = "<group>"; };
		21CFEA792497EA0300421B80 /* Joint.swift */ = {isa = PBXFileReference; fileEncoding = 4; lastKnownFileType = sourcecode.swift; path = Joint.swift; sourceTree = "<group>"; };
		21CFEA7B2497EA2600421B80 /* PoseNetInput.swift */ = {isa = PBXFileReference; fileEncoding = 4; lastKnownFileType = sourcecode.swift; path = PoseNetInput.swift; sourceTree = "<group>"; };
		21CFEA7C2497EA2600421B80 /* PoseNetMobileNet100S8FP16.mlmodel */ = {isa = PBXFileReference; lastKnownFileType = file.mlmodel; path = PoseNetMobileNet100S8FP16.mlmodel; sourceTree = "<group>"; };
		21CFEA7D2497EA2600421B80 /* PoseNetOutput.swift */ = {isa = PBXFileReference; fileEncoding = 4; lastKnownFileType = sourcecode.swift; path = PoseNetOutput.swift; sourceTree = "<group>"; };
		21CFEA7E2497EA2600421B80 /* PoseNet.swift */ = {isa = PBXFileReference; fileEncoding = 4; lastKnownFileType = sourcecode.swift; path = PoseNet.swift; sourceTree = "<group>"; };
		21CFEA842497EA2F00421B80 /* UIImage+Extensions.swift */ = {isa = PBXFileReference; fileEncoding = 4; lastKnownFileType = sourcecode.swift; path = "UIImage+Extensions.swift"; sourceTree = "<group>"; };
		21CFEA852497EA2F00421B80 /* CGPoint+Extension.swift */ = {isa = PBXFileReference; fileEncoding = 4; lastKnownFileType = sourcecode.swift; path = "CGPoint+Extension.swift"; sourceTree = "<group>"; };
		21CFEA862497EA2F00421B80 /* CGImage+Extension.swift */ = {isa = PBXFileReference; fileEncoding = 4; lastKnownFileType = sourcecode.swift; path = "CGImage+Extension.swift"; sourceTree = "<group>"; };
		21F6BA9AA7770A6DA6E8D97A /* Pods_Jointify.framework */ = {isa = PBXFileReference; explicitFileType = wrapper.framework; includeInIndex = 0; path = Pods_Jointify.framework; sourceTree = BUILT_PRODUCTS_DIR; };
		42A522F27D017F9FD101C8F8 /* Pods-Jointify.release.xcconfig */ = {isa = PBXFileReference; includeInIndex = 1; lastKnownFileType = text.xcconfig; name = "Pods-Jointify.release.xcconfig"; path = "Target Support Files/Pods-Jointify/Pods-Jointify.release.xcconfig"; sourceTree = "<group>"; };
		80094B62247F0F60002A1A27 /* Jointify.app */ = {isa = PBXFileReference; explicitFileType = wrapper.application; includeInIndex = 0; path = Jointify.app; sourceTree = BUILT_PRODUCTS_DIR; };
		80094B65247F0F60002A1A27 /* AppDelegate.swift */ = {isa = PBXFileReference; lastKnownFileType = sourcecode.swift; path = AppDelegate.swift; sourceTree = "<group>"; };
		80094B67247F0F60002A1A27 /* SceneDelegate.swift */ = {isa = PBXFileReference; lastKnownFileType = sourcecode.swift; path = SceneDelegate.swift; sourceTree = "<group>"; };
		80094B6B247F0F6B002A1A27 /* Assets.xcassets */ = {isa = PBXFileReference; lastKnownFileType = folder.assetcatalog; path = Assets.xcassets; sourceTree = "<group>"; };
		80094B6E247F0F6B002A1A27 /* Preview Assets.xcassets */ = {isa = PBXFileReference; lastKnownFileType = folder.assetcatalog; path = "Preview Assets.xcassets"; sourceTree = "<group>"; };
		80094B71247F0F6B002A1A27 /* Base */ = {isa = PBXFileReference; lastKnownFileType = file.storyboard; name = Base; path = Base.lproj/LaunchScreen.storyboard; sourceTree = "<group>"; };
		80094B73247F0F6B002A1A27 /* Info.plist */ = {isa = PBXFileReference; lastKnownFileType = text.plist.xml; path = Info.plist; sourceTree = "<group>"; };
		8082974E2483142600DB4A1C /* JointifyTests.xctest */ = {isa = PBXFileReference; explicitFileType = wrapper.cfbundle; includeInIndex = 0; path = JointifyTests.xctest; sourceTree = BUILT_PRODUCTS_DIR; };
		808297502483142600DB4A1C /* JointifyTests.swift */ = {isa = PBXFileReference; lastKnownFileType = sourcecode.swift; path = JointifyTests.swift; sourceTree = "<group>"; };
		808297522483142600DB4A1C /* Info.plist */ = {isa = PBXFileReference; lastKnownFileType = text.plist.xml; path = Info.plist; sourceTree = "<group>"; };
		80DFDB6E24924A450021124C /* ProcessingView.swift */ = {isa = PBXFileReference; lastKnownFileType = sourcecode.swift; path = ProcessingView.swift; sourceTree = "<group>"; };
		80DFDB7124924DF00021124C /* ResultView.swift */ = {isa = PBXFileReference; lastKnownFileType = sourcecode.swift; path = ResultView.swift; sourceTree = "<group>"; };
		80DFDB742492991B0021124C /* InstructionContent.swift */ = {isa = PBXFileReference; lastKnownFileType = sourcecode.swift; path = InstructionContent.swift; sourceTree = "<group>"; };
		80DFDB772492AAC20021124C /* PastRecords.swift */ = {isa = PBXFileReference; lastKnownFileType = sourcecode.swift; path = PastRecords.swift; sourceTree = "<group>"; };
		80EF89BD2497F31100E345F0 /* Edge.swift */ = {isa = PBXFileReference; lastKnownFileType = sourcecode.swift; path = Edge.swift; sourceTree = "<group>"; };
		80F1D4D7249198B600ACCEC2 /* WelcomeView.swift */ = {isa = PBXFileReference; lastKnownFileType = sourcecode.swift; path = WelcomeView.swift; sourceTree = "<group>"; };
		80F1D4DA2491994B00ACCEC2 /* DefaultButton.swift */ = {isa = PBXFileReference; lastKnownFileType = sourcecode.swift; path = DefaultButton.swift; sourceTree = "<group>"; };
		80F1D4DD24919CE200ACCEC2 /* InstructionsView.swift */ = {isa = PBXFileReference; lastKnownFileType = sourcecode.swift; path = InstructionsView.swift; sourceTree = "<group>"; };
		80FB49D02492E698001C3DAE /* ChooseInputView.swift */ = {isa = PBXFileReference; lastKnownFileType = sourcecode.swift; path = ChooseInputView.swift; sourceTree = "<group>"; };
		80FB49D22492E6E3001C3DAE /* MeasurementFrame.swift */ = {isa = PBXFileReference; lastKnownFileType = sourcecode.swift; path = MeasurementFrame.swift; sourceTree = "<group>"; };
		80FB49D724967F84001C3DAE /* Measurement.swift */ = {isa = PBXFileReference; lastKnownFileType = sourcecode.swift; path = Measurement.swift; sourceTree = "<group>"; };
		80FB49DA249689BF001C3DAE /* VideoResultView.swift */ = {isa = PBXFileReference; lastKnownFileType = sourcecode.swift; path = VideoResultView.swift; sourceTree = "<group>"; };
		9DF0C0DE6105D932BF2CB209 /* Pods-Jointify.debug.xcconfig */ = {isa = PBXFileReference; includeInIndex = 1; lastKnownFileType = text.xcconfig; name = "Pods-Jointify.debug.xcconfig"; path = "Target Support Files/Pods-Jointify/Pods-Jointify.debug.xcconfig"; sourceTree = "<group>"; };
/* End PBXFileReference section */

/* Begin PBXFrameworksBuildPhase section */
		80094B5F247F0F60002A1A27 /* Frameworks */ = {
			isa = PBXFrameworksBuildPhase;
			buildActionMask = 2147483647;
			files = (
				76FB0BCAC64D40DE3D042719 /* Pods_Jointify.framework in Frameworks */,
			);
			runOnlyForDeploymentPostprocessing = 0;
		};
		8082974B2483142600DB4A1C /* Frameworks */ = {
			isa = PBXFrameworksBuildPhase;
			buildActionMask = 2147483647;
			files = (
			);
			runOnlyForDeploymentPostprocessing = 0;
		};
/* End PBXFrameworksBuildPhase section */

/* Begin PBXGroup section */
		2141754324866B48005CB6E5 /* Model */ = {
			isa = PBXGroup;
			children = (
				80FB49D22492E6E3001C3DAE /* MeasurementFrame.swift */,
				80FB49D724967F84001C3DAE /* Measurement.swift */,
				21CFEA702497E9F500421B80 /* PoseMachineLearning */,
			);
			path = Model;
			sourceTree = "<group>";
		};
		21CFEA702497E9F500421B80 /* PoseMachineLearning */ = {
			isa = PBXGroup;
			children = (
				21CFEA792497EA0300421B80 /* Joint.swift */,
				21CFEA722497E9F500421B80 /* Pose.swift */,
				80EF89BD2497F31100E345F0 /* Edge.swift */,
				21CFEA7E2497EA2600421B80 /* PoseNet.swift */,
				21CFEA7D2497EA2600421B80 /* PoseNetOutput.swift */,
				21CFEA7B2497EA2600421B80 /* PoseNetInput.swift */,
				21CFEA732497E9F500421B80 /* PoseBuilder.swift */,
				21CFEA742497E9F500421B80 /* PoseBuilderConfiguration.swift */,
				21CFEA7C2497EA2600421B80 /* PoseNetMobileNet100S8FP16.mlmodel */,
			);
			path = PoseMachineLearning;
			sourceTree = "<group>";
		};
		21CFEA832497EA2F00421B80 /* Extensions+Types */ = {
			isa = PBXGroup;
			children = (
				21CFEA712497E9F500421B80 /* PoseBuilder+Single.swift */,
				21CFEA842497EA2F00421B80 /* UIImage+Extensions.swift */,
				21CFEA852497EA2F00421B80 /* CGPoint+Extension.swift */,
				21CFEA862497EA2F00421B80 /* CGImage+Extension.swift */,
			);
			path = "Extensions+Types";
			sourceTree = "<group>";
		};
		80094B59247F0F60002A1A27 = {
			isa = PBXGroup;
			children = (
				80094B64247F0F60002A1A27 /* Jointify */,
				8082974F2483142600DB4A1C /* JointifyTests */,
				80094B63247F0F60002A1A27 /* Products */,
				B6B8CE96A77C97B73D3375F5 /* Pods */,
				D006AA83BBCB0183CF89E4F6 /* Frameworks */,
			);
			sourceTree = "<group>";
		};
		80094B63247F0F60002A1A27 /* Products */ = {
			isa = PBXGroup;
			children = (
				80094B62247F0F60002A1A27 /* Jointify.app */,
				8082974E2483142600DB4A1C /* JointifyTests.xctest */,
			);
			name = Products;
			sourceTree = "<group>";
		};
		80094B64247F0F60002A1A27 /* Jointify */ = {
			isa = PBXGroup;
			children = (
				80FB49D424967F19001C3DAE /* Views */,
				2141754324866B48005CB6E5 /* Model */,
				21CFEA832497EA2F00421B80 /* Extensions+Types */,
				80094B67247F0F60002A1A27 /* SceneDelegate.swift */,
				80094B65247F0F60002A1A27 /* AppDelegate.swift */,
				80094B6B247F0F6B002A1A27 /* Assets.xcassets */,
				80094B70247F0F6B002A1A27 /* LaunchScreen.storyboard */,
				80094B73247F0F6B002A1A27 /* Info.plist */,
				80094B6D247F0F6B002A1A27 /* Preview Content */,
			);
			path = Jointify;
			sourceTree = "<group>";
		};
		80094B6D247F0F6B002A1A27 /* Preview Content */ = {
			isa = PBXGroup;
			children = (
				80094B6E247F0F6B002A1A27 /* Preview Assets.xcassets */,
			);
			path = "Preview Content";
			sourceTree = "<group>";
		};
		8082974F2483142600DB4A1C /* JointifyTests */ = {
			isa = PBXGroup;
			children = (
				808297502483142600DB4A1C /* JointifyTests.swift */,
				808297522483142600DB4A1C /* Info.plist */,
			);
			path = JointifyTests;
			sourceTree = "<group>";
		};
		80FB49D424967F19001C3DAE /* Views */ = {
			isa = PBXGroup;
			children = (
				80FB49D524967F3F001C3DAE /* Screens */,
				80FB49D624967F45001C3DAE /* Subviews */,
			);
			path = Views;
			sourceTree = "<group>";
		};
		80FB49D524967F3F001C3DAE /* Screens */ = {
			isa = PBXGroup;
			children = (
				80F1D4D7249198B600ACCEC2 /* WelcomeView.swift */,
				80F1D4DD24919CE200ACCEC2 /* InstructionsView.swift */,
				80FB49D02492E698001C3DAE /* ChooseInputView.swift */,
				80DFDB6E24924A450021124C /* ProcessingView.swift */,
				80FB49DA249689BF001C3DAE /* VideoResultView.swift */,
				80DFDB7124924DF00021124C /* ResultView.swift */,
			);
			path = Screens;
			sourceTree = "<group>";
		};
		80FB49D624967F45001C3DAE /* Subviews */ = {
			isa = PBXGroup;
			children = (
				80F1D4DA2491994B00ACCEC2 /* DefaultButton.swift */,
				80DFDB742492991B0021124C /* InstructionContent.swift */,
				80DFDB772492AAC20021124C /* PastRecords.swift */,
				2141754024865483005CB6E5 /* ImagePicker.swift */,
			);
			path = Subviews;
			sourceTree = "<group>";
		};
		B6B8CE96A77C97B73D3375F5 /* Pods */ = {
			isa = PBXGroup;
			children = (
				9DF0C0DE6105D932BF2CB209 /* Pods-Jointify.debug.xcconfig */,
				42A522F27D017F9FD101C8F8 /* Pods-Jointify.release.xcconfig */,
			);
			path = Pods;
			sourceTree = "<group>";
		};
		D006AA83BBCB0183CF89E4F6 /* Frameworks */ = {
			isa = PBXGroup;
			children = (
				21F6BA9AA7770A6DA6E8D97A /* Pods_Jointify.framework */,
			);
			name = Frameworks;
			sourceTree = "<group>";
		};
/* End PBXGroup section */

/* Begin PBXNativeTarget section */
		80094B61247F0F60002A1A27 /* Jointify */ = {
			isa = PBXNativeTarget;
			buildConfigurationList = 80094B76247F0F6B002A1A27 /* Build configuration list for PBXNativeTarget "Jointify" */;
			buildPhases = (
				808297452482F66700DB4A1C /* ShellScript */,
				DE025868040F5896EC01E20C /* [CP] Check Pods Manifest.lock */,
				80094B5E247F0F60002A1A27 /* Sources */,
				80094B5F247F0F60002A1A27 /* Frameworks */,
				80094B60247F0F60002A1A27 /* Resources */,
			);
			buildRules = (
			);
			dependencies = (
			);
			name = Jointify;
			productName = Jointify;
			productReference = 80094B62247F0F60002A1A27 /* Jointify.app */;
			productType = "com.apple.product-type.application";
		};
		8082974D2483142600DB4A1C /* JointifyTests */ = {
			isa = PBXNativeTarget;
			buildConfigurationList = 808297552483142600DB4A1C /* Build configuration list for PBXNativeTarget "JointifyTests" */;
			buildPhases = (
				8082974A2483142600DB4A1C /* Sources */,
				8082974B2483142600DB4A1C /* Frameworks */,
				8082974C2483142600DB4A1C /* Resources */,
			);
			buildRules = (
			);
			dependencies = (
				808297542483142600DB4A1C /* PBXTargetDependency */,
			);
			name = JointifyTests;
			productName = JointifyTests;
			productReference = 8082974E2483142600DB4A1C /* JointifyTests.xctest */;
			productType = "com.apple.product-type.bundle.unit-test";
		};
/* End PBXNativeTarget section */

/* Begin PBXProject section */
		80094B5A247F0F60002A1A27 /* Project object */ = {
			isa = PBXProject;
			attributes = {
				LastSwiftUpdateCheck = 1140;
				LastUpgradeCheck = 1140;
				ORGANIZATIONNAME = "Lukas Gerhardt";
				TargetAttributes = {
					80094B61247F0F60002A1A27 = {
						CreatedOnToolsVersion = 11.4.1;
					};
					8082974D2483142600DB4A1C = {
						CreatedOnToolsVersion = 11.4.1;
						TestTargetID = 80094B61247F0F60002A1A27;
					};
				};
			};
			buildConfigurationList = 80094B5D247F0F60002A1A27 /* Build configuration list for PBXProject "Jointify" */;
			compatibilityVersion = "Xcode 9.3";
			developmentRegion = en;
			hasScannedForEncodings = 0;
			knownRegions = (
				en,
				Base,
			);
			mainGroup = 80094B59247F0F60002A1A27;
			productRefGroup = 80094B63247F0F60002A1A27 /* Products */;
			projectDirPath = "";
			projectRoot = "";
			targets = (
				80094B61247F0F60002A1A27 /* Jointify */,
				8082974D2483142600DB4A1C /* JointifyTests */,
			);
		};
/* End PBXProject section */

/* Begin PBXResourcesBuildPhase section */
		80094B60247F0F60002A1A27 /* Resources */ = {
			isa = PBXResourcesBuildPhase;
			buildActionMask = 2147483647;
			files = (
				80094B72247F0F6B002A1A27 /* LaunchScreen.storyboard in Resources */,
				80094B6F247F0F6B002A1A27 /* Preview Assets.xcassets in Resources */,
				80094B6C247F0F6B002A1A27 /* Assets.xcassets in Resources */,
			);
			runOnlyForDeploymentPostprocessing = 0;
		};
		8082974C2483142600DB4A1C /* Resources */ = {
			isa = PBXResourcesBuildPhase;
			buildActionMask = 2147483647;
			files = (
			);
			runOnlyForDeploymentPostprocessing = 0;
		};
/* End PBXResourcesBuildPhase section */

/* Begin PBXShellScriptBuildPhase section */
		808297452482F66700DB4A1C /* ShellScript */ = {
			isa = PBXShellScriptBuildPhase;
			buildActionMask = 2147483647;
			files = (
			);
			inputFileListPaths = (
			);
			inputPaths = (
			);
			outputFileListPaths = (
			);
			outputPaths = (
			);
			runOnlyForDeploymentPostprocessing = 0;
			shellPath = /bin/sh;
			shellScript = "${PODS_ROOT}/SwiftLint/swiftlint\n";
		};
		DE025868040F5896EC01E20C /* [CP] Check Pods Manifest.lock */ = {
			isa = PBXShellScriptBuildPhase;
			buildActionMask = 2147483647;
			files = (
			);
			inputFileListPaths = (
			);
			inputPaths = (
				"${PODS_PODFILE_DIR_PATH}/Podfile.lock",
				"${PODS_ROOT}/Manifest.lock",
			);
			name = "[CP] Check Pods Manifest.lock";
			outputFileListPaths = (
			);
			outputPaths = (
				"$(DERIVED_FILE_DIR)/Pods-Jointify-checkManifestLockResult.txt",
			);
			runOnlyForDeploymentPostprocessing = 0;
			shellPath = /bin/sh;
			shellScript = "diff \"${PODS_PODFILE_DIR_PATH}/Podfile.lock\" \"${PODS_ROOT}/Manifest.lock\" > /dev/null\nif [ $? != 0 ] ; then\n    # print error to STDERR\n    echo \"error: The sandbox is not in sync with the Podfile.lock. Run 'pod install' or update your CocoaPods installation.\" >&2\n    exit 1\nfi\n# This output is used by Xcode 'outputs' to avoid re-running this script phase.\necho \"SUCCESS\" > \"${SCRIPT_OUTPUT_FILE_0}\"\n";
			showEnvVarsInLog = 0;
		};
/* End PBXShellScriptBuildPhase section */

/* Begin PBXSourcesBuildPhase section */
		80094B5E247F0F60002A1A27 /* Sources */ = {
			isa = PBXSourcesBuildPhase;
			buildActionMask = 2147483647;
			files = (
				80DFDB752492991C0021124C /* InstructionContent.swift in Sources */,
				21CFEA802497EA2600421B80 /* PoseNetMobileNet100S8FP16.mlmodel in Sources */,
				80F1D4DE24919CE200ACCEC2 /* InstructionsView.swift in Sources */,
				21CFEA7A2497EA0300421B80 /* Joint.swift in Sources */,
				80DFDB7224924DF00021124C /* ResultView.swift in Sources */,
				80094B66247F0F60002A1A27 /* AppDelegate.swift in Sources */,
				80094B68247F0F60002A1A27 /* SceneDelegate.swift in Sources */,
				21CFEA822497EA2600421B80 /* PoseNet.swift in Sources */,
				80FB49DB249689C0001C3DAE /* VideoResultView.swift in Sources */,
				21CFEA7F2497EA2600421B80 /* PoseNetInput.swift in Sources */,
				21CFEA772497E9F500421B80 /* PoseBuilder.swift in Sources */,
				80F1D4D8249198B600ACCEC2 /* WelcomeView.swift in Sources */,
				2141754124865483005CB6E5 /* ImagePicker.swift in Sources */,
				80DFDB782492AAC20021124C /* PastRecords.swift in Sources */,
				21CFEA752497E9F500421B80 /* PoseBuilder+Single.swift in Sources */,
				21CFEA872497EA2F00421B80 /* UIImage+Extensions.swift in Sources */,
				80EF89BE2497F31100E345F0 /* Edge.swift in Sources */,
				80F1D4DB2491994B00ACCEC2 /* DefaultButton.swift in Sources */,
				80DFDB6F24924A450021124C /* ProcessingView.swift in Sources */,
				21CFEA882497EA2F00421B80 /* CGPoint+Extension.swift in Sources */,
				21CFEA762497E9F500421B80 /* Pose.swift in Sources */,
				80FB49D824967F84001C3DAE /* Measurement.swift in Sources */,
				21CFEA782497E9F500421B80 /* PoseBuilderConfiguration.swift in Sources */,
				80FB49D32492E6E3001C3DAE /* MeasurementFrame.swift in Sources */,
				21CFEA892497EA2F00421B80 /* CGImage+Extension.swift in Sources */,
				80FB49D12492E698001C3DAE /* ChooseInputView.swift in Sources */,
				21CFEA812497EA2600421B80 /* PoseNetOutput.swift in Sources */,
			);
			runOnlyForDeploymentPostprocessing = 0;
		};
		8082974A2483142600DB4A1C /* Sources */ = {
			isa = PBXSourcesBuildPhase;
			buildActionMask = 2147483647;
			files = (
				80FB49E42496AD6D001C3DAE /* InstructionContent.swift in Sources */,
				808297512483142600DB4A1C /* JointifyTests.swift in Sources */,
				80FB49E32496ABCF001C3DAE /* InstructionsView.swift in Sources */,
				80FB49DF2496A828001C3DAE /* DefaultButton.swift in Sources */,
				80FB49DC249689C0001C3DAE /* VideoResultView.swift in Sources */,
				80FB49E62496AD8A001C3DAE /* ChooseInputView.swift in Sources */,
				80FB49DE2496A81D001C3DAE /* ResultView.swift in Sources */,
				80FB49DD2496A80C001C3DAE /* MeasurementFrame.swift in Sources */,
				80FB49D924967F84001C3DAE /* Measurement.swift in Sources */,
				80EF89BF2497F31100E345F0 /* Edge.swift in Sources */,
				80FB49E22496ABC7001C3DAE /* PastRecords.swift in Sources */,
				80FB49E52496AD78001C3DAE /* ImagePicker.swift in Sources */,
				80FB49E02496A953001C3DAE /* WelcomeView.swift in Sources */,
				80FB49E12496A959001C3DAE /* ProcessingView.swift in Sources */,
			);
			runOnlyForDeploymentPostprocessing = 0;
		};
/* End PBXSourcesBuildPhase section */

/* Begin PBXTargetDependency section */
		808297542483142600DB4A1C /* PBXTargetDependency */ = {
			isa = PBXTargetDependency;
			target = 80094B61247F0F60002A1A27 /* Jointify */;
			targetProxy = 808297532483142600DB4A1C /* PBXContainerItemProxy */;
		};
/* End PBXTargetDependency section */

/* Begin PBXVariantGroup section */
		80094B70247F0F6B002A1A27 /* LaunchScreen.storyboard */ = {
			isa = PBXVariantGroup;
			children = (
				80094B71247F0F6B002A1A27 /* Base */,
			);
			name = LaunchScreen.storyboard;
			sourceTree = "<group>";
		};
/* End PBXVariantGroup section */

/* Begin XCBuildConfiguration section */
		80094B74247F0F6B002A1A27 /* Debug */ = {
			isa = XCBuildConfiguration;
			buildSettings = {
				ALWAYS_SEARCH_USER_PATHS = NO;
				CLANG_ANALYZER_NONNULL = YES;
				CLANG_ANALYZER_NUMBER_OBJECT_CONVERSION = YES_AGGRESSIVE;
				CLANG_CXX_LANGUAGE_STANDARD = "gnu++14";
				CLANG_CXX_LIBRARY = "libc++";
				CLANG_ENABLE_MODULES = YES;
				CLANG_ENABLE_OBJC_ARC = YES;
				CLANG_ENABLE_OBJC_WEAK = YES;
				CLANG_WARN_BLOCK_CAPTURE_AUTORELEASING = YES;
				CLANG_WARN_BOOL_CONVERSION = YES;
				CLANG_WARN_COMMA = YES;
				CLANG_WARN_CONSTANT_CONVERSION = YES;
				CLANG_WARN_DEPRECATED_OBJC_IMPLEMENTATIONS = YES;
				CLANG_WARN_DIRECT_OBJC_ISA_USAGE = YES_ERROR;
				CLANG_WARN_DOCUMENTATION_COMMENTS = YES;
				CLANG_WARN_EMPTY_BODY = YES;
				CLANG_WARN_ENUM_CONVERSION = YES;
				CLANG_WARN_INFINITE_RECURSION = YES;
				CLANG_WARN_INT_CONVERSION = YES;
				CLANG_WARN_NON_LITERAL_NULL_CONVERSION = YES;
				CLANG_WARN_OBJC_IMPLICIT_RETAIN_SELF = YES;
				CLANG_WARN_OBJC_LITERAL_CONVERSION = YES;
				CLANG_WARN_OBJC_ROOT_CLASS = YES_ERROR;
				CLANG_WARN_RANGE_LOOP_ANALYSIS = YES;
				CLANG_WARN_STRICT_PROTOTYPES = YES;
				CLANG_WARN_SUSPICIOUS_MOVE = YES;
				CLANG_WARN_UNGUARDED_AVAILABILITY = YES_AGGRESSIVE;
				CLANG_WARN_UNREACHABLE_CODE = YES;
				CLANG_WARN__DUPLICATE_METHOD_MATCH = YES;
				COPY_PHASE_STRIP = NO;
				DEBUG_INFORMATION_FORMAT = dwarf;
				ENABLE_STRICT_OBJC_MSGSEND = YES;
				ENABLE_TESTABILITY = YES;
				GCC_C_LANGUAGE_STANDARD = gnu11;
				GCC_DYNAMIC_NO_PIC = NO;
				GCC_NO_COMMON_BLOCKS = YES;
				GCC_OPTIMIZATION_LEVEL = 0;
				GCC_PREPROCESSOR_DEFINITIONS = (
					"DEBUG=1",
					"$(inherited)",
				);
				GCC_WARN_64_TO_32_BIT_CONVERSION = YES;
				GCC_WARN_ABOUT_RETURN_TYPE = YES_ERROR;
				GCC_WARN_UNDECLARED_SELECTOR = YES;
				GCC_WARN_UNINITIALIZED_AUTOS = YES_AGGRESSIVE;
				GCC_WARN_UNUSED_FUNCTION = YES;
				GCC_WARN_UNUSED_VARIABLE = YES;
				IPHONEOS_DEPLOYMENT_TARGET = 13.4;
				MTL_ENABLE_DEBUG_INFO = INCLUDE_SOURCE;
				MTL_FAST_MATH = YES;
				ONLY_ACTIVE_ARCH = YES;
				SDKROOT = iphoneos;
				SWIFT_ACTIVE_COMPILATION_CONDITIONS = DEBUG;
				SWIFT_OPTIMIZATION_LEVEL = "-Onone";
			};
			name = Debug;
		};
		80094B75247F0F6B002A1A27 /* Release */ = {
			isa = XCBuildConfiguration;
			buildSettings = {
				ALWAYS_SEARCH_USER_PATHS = NO;
				CLANG_ANALYZER_NONNULL = YES;
				CLANG_ANALYZER_NUMBER_OBJECT_CONVERSION = YES_AGGRESSIVE;
				CLANG_CXX_LANGUAGE_STANDARD = "gnu++14";
				CLANG_CXX_LIBRARY = "libc++";
				CLANG_ENABLE_MODULES = YES;
				CLANG_ENABLE_OBJC_ARC = YES;
				CLANG_ENABLE_OBJC_WEAK = YES;
				CLANG_WARN_BLOCK_CAPTURE_AUTORELEASING = YES;
				CLANG_WARN_BOOL_CONVERSION = YES;
				CLANG_WARN_COMMA = YES;
				CLANG_WARN_CONSTANT_CONVERSION = YES;
				CLANG_WARN_DEPRECATED_OBJC_IMPLEMENTATIONS = YES;
				CLANG_WARN_DIRECT_OBJC_ISA_USAGE = YES_ERROR;
				CLANG_WARN_DOCUMENTATION_COMMENTS = YES;
				CLANG_WARN_EMPTY_BODY = YES;
				CLANG_WARN_ENUM_CONVERSION = YES;
				CLANG_WARN_INFINITE_RECURSION = YES;
				CLANG_WARN_INT_CONVERSION = YES;
				CLANG_WARN_NON_LITERAL_NULL_CONVERSION = YES;
				CLANG_WARN_OBJC_IMPLICIT_RETAIN_SELF = YES;
				CLANG_WARN_OBJC_LITERAL_CONVERSION = YES;
				CLANG_WARN_OBJC_ROOT_CLASS = YES_ERROR;
				CLANG_WARN_RANGE_LOOP_ANALYSIS = YES;
				CLANG_WARN_STRICT_PROTOTYPES = YES;
				CLANG_WARN_SUSPICIOUS_MOVE = YES;
				CLANG_WARN_UNGUARDED_AVAILABILITY = YES_AGGRESSIVE;
				CLANG_WARN_UNREACHABLE_CODE = YES;
				CLANG_WARN__DUPLICATE_METHOD_MATCH = YES;
				COPY_PHASE_STRIP = NO;
				DEBUG_INFORMATION_FORMAT = "dwarf-with-dsym";
				ENABLE_NS_ASSERTIONS = NO;
				ENABLE_STRICT_OBJC_MSGSEND = YES;
				GCC_C_LANGUAGE_STANDARD = gnu11;
				GCC_NO_COMMON_BLOCKS = YES;
				GCC_WARN_64_TO_32_BIT_CONVERSION = YES;
				GCC_WARN_ABOUT_RETURN_TYPE = YES_ERROR;
				GCC_WARN_UNDECLARED_SELECTOR = YES;
				GCC_WARN_UNINITIALIZED_AUTOS = YES_AGGRESSIVE;
				GCC_WARN_UNUSED_FUNCTION = YES;
				GCC_WARN_UNUSED_VARIABLE = YES;
				IPHONEOS_DEPLOYMENT_TARGET = 13.4;
				MTL_ENABLE_DEBUG_INFO = NO;
				MTL_FAST_MATH = YES;
				SDKROOT = iphoneos;
				SWIFT_COMPILATION_MODE = wholemodule;
				SWIFT_OPTIMIZATION_LEVEL = "-O";
				VALIDATE_PRODUCT = YES;
			};
			name = Release;
		};
		80094B77247F0F6B002A1A27 /* Debug */ = {
			isa = XCBuildConfiguration;
			baseConfigurationReference = 9DF0C0DE6105D932BF2CB209 /* Pods-Jointify.debug.xcconfig */;
			buildSettings = {
				ASSETCATALOG_COMPILER_APPICON_NAME = AppIcon;
				CODE_SIGN_STYLE = Automatic;
				DEVELOPMENT_ASSET_PATHS = "\"Jointify/Preview Content\"";
				DEVELOPMENT_TEAM = 4SK5JS59G8;
				ENABLE_PREVIEWS = YES;
				INFOPLIST_FILE = Jointify/Info.plist;
				LD_RUNPATH_SEARCH_PATHS = (
					"$(inherited)",
					"@executable_path/Frameworks",
				);
				PRODUCT_BUNDLE_IDENTIFIER = lukasgerhardt.Jointify;
				PRODUCT_NAME = "$(TARGET_NAME)";
				SWIFT_VERSION = 5.0;
				TARGETED_DEVICE_FAMILY = "1,2";
			};
			name = Debug;
		};
		80094B78247F0F6B002A1A27 /* Release */ = {
			isa = XCBuildConfiguration;
			baseConfigurationReference = 42A522F27D017F9FD101C8F8 /* Pods-Jointify.release.xcconfig */;
			buildSettings = {
				ASSETCATALOG_COMPILER_APPICON_NAME = AppIcon;
				CODE_SIGN_STYLE = Automatic;
				DEVELOPMENT_ASSET_PATHS = "\"Jointify/Preview Content\"";
				DEVELOPMENT_TEAM = 4SK5JS59G8;
				ENABLE_PREVIEWS = YES;
				INFOPLIST_FILE = Jointify/Info.plist;
				LD_RUNPATH_SEARCH_PATHS = (
					"$(inherited)",
					"@executable_path/Frameworks",
				);
				PRODUCT_BUNDLE_IDENTIFIER = lukasgerhardt.Jointify;
				PRODUCT_NAME = "$(TARGET_NAME)";
				SWIFT_VERSION = 5.0;
				TARGETED_DEVICE_FAMILY = "1,2";
			};
			name = Release;
		};
		808297562483142600DB4A1C /* Debug */ = {
			isa = XCBuildConfiguration;
			buildSettings = {
				BUNDLE_LOADER = "$(TEST_HOST)";
				CODE_SIGN_STYLE = Automatic;
				DEVELOPMENT_TEAM = 4SK5JS59G8;
				INFOPLIST_FILE = JointifyTests/Info.plist;
				LD_RUNPATH_SEARCH_PATHS = (
					"$(inherited)",
					"@executable_path/Frameworks",
					"@loader_path/Frameworks",
				);
				PRODUCT_BUNDLE_IDENTIFIER = lukasgerhardt.JointifyTests;
				PRODUCT_NAME = "$(TARGET_NAME)";
				SWIFT_VERSION = 5.0;
				TARGETED_DEVICE_FAMILY = "1,2";
				TEST_HOST = "$(BUILT_PRODUCTS_DIR)/Jointify.app/Jointify";
			};
			name = Debug;
		};
		808297572483142600DB4A1C /* Release */ = {
			isa = XCBuildConfiguration;
			buildSettings = {
				BUNDLE_LOADER = "$(TEST_HOST)";
				CODE_SIGN_STYLE = Automatic;
				DEVELOPMENT_TEAM = 4SK5JS59G8;
				INFOPLIST_FILE = JointifyTests/Info.plist;
				LD_RUNPATH_SEARCH_PATHS = (
					"$(inherited)",
					"@executable_path/Frameworks",
					"@loader_path/Frameworks",
				);
				PRODUCT_BUNDLE_IDENTIFIER = lukasgerhardt.JointifyTests;
				PRODUCT_NAME = "$(TARGET_NAME)";
				SWIFT_VERSION = 5.0;
				TARGETED_DEVICE_FAMILY = "1,2";
				TEST_HOST = "$(BUILT_PRODUCTS_DIR)/Jointify.app/Jointify";
			};
			name = Release;
		};
/* End XCBuildConfiguration section */

/* Begin XCConfigurationList section */
		80094B5D247F0F60002A1A27 /* Build configuration list for PBXProject "Jointify" */ = {
			isa = XCConfigurationList;
			buildConfigurations = (
				80094B74247F0F6B002A1A27 /* Debug */,
				80094B75247F0F6B002A1A27 /* Release */,
			);
			defaultConfigurationIsVisible = 0;
			defaultConfigurationName = Release;
		};
		80094B76247F0F6B002A1A27 /* Build configuration list for PBXNativeTarget "Jointify" */ = {
			isa = XCConfigurationList;
			buildConfigurations = (
				80094B77247F0F6B002A1A27 /* Debug */,
				80094B78247F0F6B002A1A27 /* Release */,
			);
			defaultConfigurationIsVisible = 0;
			defaultConfigurationName = Release;
		};
		808297552483142600DB4A1C /* Build configuration list for PBXNativeTarget "JointifyTests" */ = {
			isa = XCConfigurationList;
			buildConfigurations = (
				808297562483142600DB4A1C /* Debug */,
				808297572483142600DB4A1C /* Release */,
			);
			defaultConfigurationIsVisible = 0;
			defaultConfigurationName = Release;
		};
/* End XCConfigurationList section */
	};
	rootObject = 80094B5A247F0F60002A1A27 /* Project object */;
}
